<?xml version="1.0" encoding="utf-8"?>
<Project ToolsVersion="4.0" xmlns="http://schemas.microsoft.com/developer/msbuild/2003">
  <ItemGroup>
    <Filter Include="Resources">
      <UniqueIdentifier>{67DA6AB6-F800-4c08-8B7A-83BB121AAD01}</UniqueIdentifier>
      <Extensions>rc;ico;cur;bmp;dlg;rc2;rct;bin;rgs;gif;jpg;jpeg;jpe;resx;tiff;tif;png;wav;mfcribbon-ms</Extensions>
    </Filter>
    <Filter Include="Source">
      <UniqueIdentifier>{1b8d8c3f-6dcf-4221-9d6d-c29f106d2279}</UniqueIdentifier>
    </Filter>
    <Filter Include="Source\pch">
      <UniqueIdentifier>{a5e66867-d006-4df8-80f7-64098ef450f2}</UniqueIdentifier>
    </Filter>
    <Filter Include="Source\Core">
      <UniqueIdentifier>{0e197846-38f0-434c-ac45-b1a1beca5591}</UniqueIdentifier>
    </Filter>
    <Filter Include="Source\Core\Classes">
      <UniqueIdentifier>{eb58db4b-f748-45a7-8167-ee6a7861b99f}</UniqueIdentifier>
    </Filter>
    <Filter Include="Source\Core\Private">
      <UniqueIdentifier>{929f487d-60e8-4b1b-81c9-5b4d89908cfe}</UniqueIdentifier>
    </Filter>
    <Filter Include="Source\Core\Public">
      <UniqueIdentifier>{060f12c4-674a-4b4f-95a4-81310d932804}</UniqueIdentifier>
    </Filter>
    <Filter Include="Source\Engine">
      <UniqueIdentifier>{1c818a13-13fe-46e3-b9d5-afc8f08f14a5}</UniqueIdentifier>
    </Filter>
    <Filter Include="Source\Engine\Public">
      <UniqueIdentifier>{723c9a3d-aa49-475f-bf5c-f496ce1f4889}</UniqueIdentifier>
    </Filter>
    <Filter Include="Source\Engine\Private">
      <UniqueIdentifier>{13e8d466-2525-4cd2-bd58-20d7a4138769}</UniqueIdentifier>
    </Filter>
    <Filter Include="Source\Engine\Classes">
      <UniqueIdentifier>{7c602d06-cace-4649-bfbc-42ac9e35d391}</UniqueIdentifier>
    </Filter>
    <Filter Include="Source\Common">
      <UniqueIdentifier>{f3cf8e6a-937d-4ee6-8c14-776477b837fd}</UniqueIdentifier>
    </Filter>
    <Filter Include="Source\Common\Classes">
      <UniqueIdentifier>{2ea718ec-60e8-4e27-b9a0-d1b971825dc2}</UniqueIdentifier>
    </Filter>
    <Filter Include="Source\Common\Public">
      <UniqueIdentifier>{bb432c67-9c65-4b9a-91ad-edffe0af6280}</UniqueIdentifier>
    </Filter>
    <Filter Include="Source\Common\Private">
      <UniqueIdentifier>{58ed9531-ffac-417a-9c55-c06b114faa2b}</UniqueIdentifier>
    </Filter>
    <Filter Include="Source\Platform">
      <UniqueIdentifier>{23f49ce8-4c5b-44f1-a695-89a81fba65a4}</UniqueIdentifier>
    </Filter>
    <Filter Include="Source\Platform\Win32">
      <UniqueIdentifier>{1a863a34-a25e-4213-b399-38587a355f37}</UniqueIdentifier>
    </Filter>
    <Filter Include="Source\Platform\Win32\Classes">
      <UniqueIdentifier>{53a04b1b-90e5-49ec-8f3d-a1ca96385e1a}</UniqueIdentifier>
    </Filter>
    <Filter Include="Source\Platform\Win32\Private">
      <UniqueIdentifier>{12f4413f-cc9e-4825-a4ca-09ae55b8dfa4}</UniqueIdentifier>
    </Filter>
    <Filter Include="Source\Platform\Win32\Public">
      <UniqueIdentifier>{2f13315d-5c86-47a6-b76b-a98a94ec625e}</UniqueIdentifier>
    </Filter>
    <Filter Include="Source\Core\Private\Math">
      <UniqueIdentifier>{fbd0e2e9-df3a-4a27-bf7f-bcdaf6ac3da5}</UniqueIdentifier>
    </Filter>
    <Filter Include="Source\Core\Public\Math">
      <UniqueIdentifier>{d2d9a438-f065-4b85-8c2c-85013568bfcd}</UniqueIdentifier>
    </Filter>
    <Filter Include="Source\Graphics">
      <UniqueIdentifier>{d655bad8-7079-4d6b-9e70-cfbd00504d84}</UniqueIdentifier>
    </Filter>
    <Filter Include="Source\Graphics\Classes">
      <UniqueIdentifier>{33aed58c-46bb-4a52-802b-1e98e2249caf}</UniqueIdentifier>
    </Filter>
    <Filter Include="Source\Graphics\Public">
      <UniqueIdentifier>{dd63adb2-260a-4fb4-a982-c47e099fac58}</UniqueIdentifier>
    </Filter>
    <Filter Include="Source\Graphics\Private">
      <UniqueIdentifier>{992335a4-dce5-4289-9812-564d93f2dd8a}</UniqueIdentifier>
    </Filter>
    <Filter Include="Source\Graphics\Private\Mapped">
      <UniqueIdentifier>{738bb568-cdb9-484a-8287-74c630f6af4e}</UniqueIdentifier>
    </Filter>
    <Filter Include="Resources\Shaders">
      <UniqueIdentifier>{448acccd-a781-459a-b883-6731afb82ed1}</UniqueIdentifier>
    </Filter>
    <Filter Include="Resources\ShaderHeaders">
      <UniqueIdentifier>{b161cf97-b88d-4984-8107-c19b37ee78b8}</UniqueIdentifier>
    </Filter>
    <Filter Include="Source\Graphics\Private\Buffer">
      <UniqueIdentifier>{6cf07c61-eb32-4762-a9ee-ae3099594696}</UniqueIdentifier>
    </Filter>
    <Filter Include="Source\Graphics\Public\Buffer">
      <UniqueIdentifier>{2153841d-5f3a-42e8-b782-008a489810da}</UniqueIdentifier>
    </Filter>
    <Filter Include="Source\Graphics\Public\Mapped">
      <UniqueIdentifier>{989fc8e3-c7ff-4dc9-b857-dcb3534af1b0}</UniqueIdentifier>
    </Filter>
    <Filter Include="Source\Graphics\Classes\Mapped">
      <UniqueIdentifier>{38eafad3-ca64-4d3c-b413-a1cd60f67c3f}</UniqueIdentifier>
    </Filter>
    <Filter Include="Source\Graphics\Classes\Basic">
      <UniqueIdentifier>{89977db9-edd0-45fd-b6a0-7f29667e1080}</UniqueIdentifier>
    </Filter>
    <Filter Include="Source\Graphics\Private\Basic">
      <UniqueIdentifier>{2b0fb3d6-4c6e-4156-bc1a-122d63c6236d}</UniqueIdentifier>
    </Filter>
    <Filter Include="Source\Graphics\Private\Manager">
      <UniqueIdentifier>{aea49325-4cad-4cac-890a-3823c589b72d}</UniqueIdentifier>
    </Filter>
    <Filter Include="Source\Graphics\Classes\Manager">
      <UniqueIdentifier>{ece2941f-e3b6-4e41-b6e0-1f96532e9ad4}</UniqueIdentifier>
    </Filter>
    <Filter Include="Source\Graphics\Classes\Descriptor">
      <UniqueIdentifier>{b9c2f916-ac51-4b37-8a2e-32b30de2a598}</UniqueIdentifier>
    </Filter>
    <Filter Include="Source\Graphics\Private\Descriptor">
      <UniqueIdentifier>{25c20569-51d6-4a49-84a5-cd03c3b6b15a}</UniqueIdentifier>
    </Filter>
    <Filter Include="Source\Graphics\Private\GPU">
      <UniqueIdentifier>{6dfc8b3e-7fbd-42d0-996f-d2c3a2223cd1}</UniqueIdentifier>
    </Filter>
    <Filter Include="Source\Graphics\Classes\GPU">
      <UniqueIdentifier>{df01d010-c343-46ef-811c-07333da558eb}</UniqueIdentifier>
    </Filter>
  </ItemGroup>
  <ItemGroup>
    <ClCompile Include="Source\Core\Core.cpp">
      <Filter>Source\Core\Private</Filter>
    </ClCompile>
    <ClCompile Include="Source\Core\CoreMinimal.cpp">
      <Filter>Source\Core\Private</Filter>
    </ClCompile>
    <ClCompile Include="Source\Core\CoreDefinitions.cpp">
      <Filter>Source\Core\Private</Filter>
    </ClCompile>
    <ClCompile Include="Source\Engine\Runtime.cpp">
      <Filter>Source\Engine\Private</Filter>
    </ClCompile>
    <ClCompile Include="Source\Common\Logger.cpp">
      <Filter>Source\Common\Private</Filter>
    </ClCompile>
    <ClCompile Include="Source\Common\Time.cpp">
      <Filter>Source\Common\Private</Filter>
    </ClCompile>
    <ClCompile Include="Source\Platform\WIN32\IApplication.cpp">
      <Filter>Source\Platform\Win32\Private</Filter>
    </ClCompile>
    <ClCompile Include="Source\Rxn.cpp">
      <Filter>Source\pch</Filter>
    </ClCompile>
    <ClCompile Include="Source\Engine\RxnEngine.cpp">
      <Filter>Source\Engine\Private</Filter>
    </ClCompile>
    <ClCompile Include="Source\Core\RxnBinaryHandler.cpp">
      <Filter>Source\Core\Private</Filter>
    </ClCompile>
    <ClCompile Include="Source\Common\CommandLine.cpp">
      <Filter>Source\Common\Private</Filter>
    </ClCompile>
    <ClCompile Include="Source\Platform\WIN32\Window.cpp">
      <Filter>Source\Platform\Win32\Private</Filter>
    </ClCompile>
    <ClCompile Include="Source\Platform\WIN32\SubComponent.cpp">
      <Filter>Source\Platform\Win32\Private</Filter>
    </ClCompile>
    <ClCompile Include="Source\Engine\EngineSettings.cpp">
      <Filter>Source\Engine\Private</Filter>
    </ClCompile>
    <ClCompile Include="Source\Engine\EngineContext.cpp">
      <Filter>Source\Engine\Private</Filter>
    </ClCompile>
    <ClCompile Include="Source\Platform\WIN32\Caption.cpp">
      <Filter>Source\Platform\Win32\Private</Filter>
    </ClCompile>
    <ClCompile Include="Source\Core\Math\Math.cpp">
      <Filter>Source\Core\Private\Math</Filter>
    </ClCompile>
    <ClCompile Include="Source\Platform\WIN32\WindowManager.cpp">
      <Filter>Source\Platform\Win32\Private</Filter>
    </ClCompile>
    <ClCompile Include="Source\Graphics\ComPointer.cpp">
      <Filter>Source\Graphics\Private</Filter>
    </ClCompile>
    <ClCompile Include="Source\Graphics\RenderCore.cpp">
      <Filter>Source\Graphics\Private</Filter>
    </ClCompile>
    <ClCompile Include="Source\Graphics\SimulationWindow.cpp">
      <Filter>Source\Graphics\Private</Filter>
    </ClCompile>
    <ClCompile Include="Source\Graphics\Renderer.cpp">
      <Filter>Source\Graphics\Private</Filter>
    </ClCompile>
    <ClCompile Include="Source\Graphics\MemoryMappedFile.cpp">
      <Filter>Source\Graphics\Private\Mapped</Filter>
    </ClCompile>
    <ClCompile Include="Source\Graphics\MemoryMappedPipelineLibrary.cpp">
      <Filter>Source\Graphics\Private\Mapped</Filter>
    </ClCompile>
    <ClCompile Include="Source\Graphics\MemoryMappedPipelineStateObjectCache.cpp">
      <Filter>Source\Graphics\Private\Mapped</Filter>
    </ClCompile>
    <ClCompile Include="Source\Graphics\PipelineLibrary.cpp">
      <Filter>Source\Graphics\Private\Mapped</Filter>
    </ClCompile>
    <ClCompile Include="Source\Graphics\DynamicConstantBuffer.cpp">
      <Filter>Source\Graphics\Private\Buffer</Filter>
    </ClCompile>
    <ClCompile Include="Source\Graphics\VertexBuffer.cpp">
      <Filter>Source\Graphics\Private\Buffer</Filter>
    </ClCompile>
    <ClCompile Include="Source\Graphics\RenderContext.cpp">
      <Filter>Source\Graphics\Private</Filter>
    </ClCompile>
    <ClCompile Include="Source\Graphics\Quad.cpp">
      <Filter>Source\Graphics\Private\Basic</Filter>
    </ClCompile>
    <ClCompile Include="Source\Graphics\Model.cpp">
      <Filter>Source\Graphics\Private\Basic</Filter>
    </ClCompile>
    <ClCompile Include="Source\Graphics\Renderable.cpp">
      <Filter>Source\Graphics\Private\Basic</Filter>
    </ClCompile>
    <ClCompile Include="Source\Graphics\Shape.cpp">
      <Filter>Source\Graphics\Private\Basic</Filter>
    </ClCompile>
    <ClCompile Include="Source\Graphics\CommandListManager.cpp">
      <Filter>Source\Graphics\Private\Manager</Filter>
    </ClCompile>
    <ClCompile Include="Source\Graphics\CommandQueueManager.cpp">
      <Filter>Source\Graphics\Private\Manager</Filter>
    </ClCompile>
    <ClCompile Include="Source\Graphics\DescriptorHeapDesc.cpp">
      <Filter>Source\Graphics\Private\Descriptor</Filter>
    </ClCompile>
    <ClCompile Include="Source\Graphics\SamplerDesc.cpp">
      <Filter>Source\Graphics\Private\Descriptor</Filter>
    </ClCompile>
    <ClCompile Include="Source\Graphics\SwapChain.cpp">
      <Filter>Source\Graphics\Private\GPU</Filter>
    </ClCompile>
    <ClCompile Include="Source\Graphics\Fence.cpp">
      <Filter>Source\Graphics\Private\GPU</Filter>
    </ClCompile>
    <ClCompile Include="Source\Graphics\GraphicsCommon.cpp">
      <Filter>Source\Graphics\Private</Filter>
    </ClCompile>
    <ClCompile Include="Source\Graphics\Camera.cpp">
      <Filter>Source\Graphics\Private</Filter>
    </ClCompile>
    <ClCompile Include="Source\Graphics\SplashScreen.cpp">
      <Filter>Source\Graphics\Private</Filter>
    </ClCompile>
    <ClCompile Include="Source\Graphics\Display.cpp">
      <Filter>Source\Graphics\Private</Filter>
    </ClCompile>
    <ClCompile Include="Source\Graphics\Scene.cpp">
      <Filter>Source\Graphics\Private</Filter>
    </ClCompile>
  </ItemGroup>
  <ItemGroup>
    <ClInclude Include="Source\Core\Core.h">
      <Filter>Source\Core\Public</Filter>
    </ClInclude>
    <ClInclude Include="Source\Core\CoreMinimal.h">
      <Filter>Source\Core\Public</Filter>
    </ClInclude>
    <ClInclude Include="Source\Core\CoreDefinitions.h">
      <Filter>Source\Core\Public</Filter>
    </ClInclude>
    <ClInclude Include="Source\Engine\Runtime.h">
      <Filter>Source\Engine\Classes</Filter>
    </ClInclude>
    <ClInclude Include="Source\Common\Time.h">
      <Filter>Source\Common\Public</Filter>
    </ClInclude>
    <ClInclude Include="Source\Platform\WIN32\WinEntry.h">
      <Filter>Source\Platform\Win32\Public</Filter>
    </ClInclude>
    <ClInclude Include="Source\Platform\WIN32\IApplication.h">
      <Filter>Source\Platform\Win32\Classes</Filter>
    </ClInclude>
    <ClInclude Include="Source\Rxn.h">
      <Filter>Source\pch</Filter>
    </ClInclude>
    <ClInclude Include="Source\Engine\RxnEngine.h">
      <Filter>Source\Engine\Classes</Filter>
    </ClInclude>
    <ClInclude Include="Source\Common\Logger.h">
      <Filter>Source\Common\Classes</Filter>
    </ClInclude>
    <ClInclude Include="Source\Core\RxnBinaryHandler.h">
      <Filter>Source\Core\Classes</Filter>
    </ClInclude>
    <ClInclude Include="Source\Common\CommandLine.h">
      <Filter>Source\Common\Public</Filter>
    </ClInclude>
    <ClInclude Include="Source\Platform\WIN32\Window.h">
      <Filter>Source\Platform\Win32\Classes</Filter>
    </ClInclude>
    <ClInclude Include="Source\Platform\WIN32\SubComponent.h">
      <Filter>Source\Platform\Win32\Classes</Filter>
    </ClInclude>
    <ClInclude Include="Source\Engine\EngineSettings.h">
      <Filter>Source\Engine\Classes</Filter>
    </ClInclude>
    <ClInclude Include="Source\Common\LoggerImpl.h">
      <Filter>Source\Common\Classes</Filter>
    </ClInclude>
    <ClInclude Include="Source\Engine\EngineContext.h">
      <Filter>Source\Engine\Classes</Filter>
    </ClInclude>
    <ClInclude Include="Source\Platform\WIN32\Caption.h">
      <Filter>Source\Platform\Win32\Classes</Filter>
    </ClInclude>
    <ClInclude Include="Source\Core\Math\Math.h">
      <Filter>Source\Core\Public\Math</Filter>
    </ClInclude>
    <ClInclude Include="Source\Platform\WIN32\WindowManager.h">
      <Filter>Source\Platform\Win32\Classes</Filter>
    </ClInclude>
    <ClInclude Include="Source\Graphics\ComPointer.h">
      <Filter>Source\Graphics\Public</Filter>
    </ClInclude>
    <ClInclude Include="Source\Graphics\d3dx12.h">
      <Filter>Source\Graphics\Public</Filter>
    </ClInclude>
    <ClInclude Include="Source\Graphics\RenderCore.h">
      <Filter>Source\Graphics\Public</Filter>
    </ClInclude>
    <ClInclude Include="Source\Graphics\SimulationWindow.h">
      <Filter>Source\Graphics\Classes</Filter>
    </ClInclude>
    <ClInclude Include="Source\Graphics\Renderer.h">
      <Filter>Source\Graphics\Classes</Filter>
    </ClInclude>
    <ClInclude Include="Source\Graphics\MemoryMappedFile.h">
      <Filter>Source\Graphics\Public\Mapped</Filter>
    </ClInclude>
    <ClInclude Include="Source\Graphics\MemoryMappedPipelineLibrary.h">
      <Filter>Source\Graphics\Public\Mapped</Filter>
    </ClInclude>
    <ClInclude Include="Source\Graphics\MemoryMappedPipelineStateObjectCache.h">
      <Filter>Source\Graphics\Public\Mapped</Filter>
    </ClInclude>
    <ClInclude Include="Content\Shaders\BlitPixelShader.hlsl.h">
      <Filter>Resources\ShaderHeaders</Filter>
    </ClInclude>
    <ClInclude Include="Content\Shaders\BlurPixelShader.hlsl.h">
      <Filter>Resources\ShaderHeaders</Filter>
    </ClInclude>
    <ClInclude Include="Content\Shaders\DistortPixelShader.hlsl.h">
      <Filter>Resources\ShaderHeaders</Filter>
    </ClInclude>
    <ClInclude Include="Content\Shaders\EdgeDetectPixelShader.hlsl.h">
      <Filter>Resources\ShaderHeaders</Filter>
    </ClInclude>
    <ClInclude Include="Content\Shaders\GrayScalePixelShader.hlsl.h">
      <Filter>Resources\ShaderHeaders</Filter>
    </ClInclude>
    <ClInclude Include="Content\Shaders\InvertPixelShader.hlsl.h">
      <Filter>Resources\ShaderHeaders</Filter>
    </ClInclude>
    <ClInclude Include="Content\Shaders\PixelatePixelShader.hlsl.h">
      <Filter>Resources\ShaderHeaders</Filter>
    </ClInclude>
    <ClInclude Include="Content\Shaders\QuadVertexShader.hlsl.h">
      <Filter>Resources\ShaderHeaders</Filter>
    </ClInclude>
    <ClInclude Include="Content\Shaders\SimplePixelShader.hlsl.h">
      <Filter>Resources\ShaderHeaders</Filter>
    </ClInclude>
    <ClInclude Include="Content\Shaders\SimpleVertexShader.hlsl.h">
      <Filter>Resources\ShaderHeaders</Filter>
    </ClInclude>
    <ClInclude Include="Content\Shaders\UberPixelShader.hlsl.h">
      <Filter>Resources\ShaderHeaders</Filter>
    </ClInclude>
    <ClInclude Include="Content\Shaders\WarpPixelShader.hlsl.h">
      <Filter>Resources\ShaderHeaders</Filter>
    </ClInclude>
    <ClInclude Include="Content\Shaders\WavePixelShader.hlsl.h">
      <Filter>Resources\ShaderHeaders</Filter>
    </ClInclude>
    <ClInclude Include="Source\Core\StepTimer.h">
      <Filter>Source\Core\Public</Filter>
    </ClInclude>
    <ClInclude Include="Source\Graphics\DynamicConstantBuffer.h">
      <Filter>Source\Graphics\Public\Buffer</Filter>
    </ClInclude>
    <ClInclude Include="Source\Graphics\VertexBuffer.h">
      <Filter>Source\Graphics\Public\Buffer</Filter>
    </ClInclude>
    <ClInclude Include="Source\Core\Span.h">
      <Filter>Source\Core\Public</Filter>
    </ClInclude>
    <ClInclude Include="Content\Shaders\AdditionalPixelShader.hlsl.h">
      <Filter>Resources\ShaderHeaders</Filter>
    </ClInclude>
    <ClInclude Include="Source\Graphics\RenderContext.h">
      <Filter>Source\Graphics\Classes</Filter>
    </ClInclude>
    <ClInclude Include="Source\Graphics\PipelineLibrary.h">
      <Filter>Source\Graphics\Classes\Mapped</Filter>
    </ClInclude>
    <ClInclude Include="Source\Graphics\Quad.h">
      <Filter>Source\Graphics\Classes\Basic</Filter>
    </ClInclude>
    <ClInclude Include="Source\Graphics\Renderable.h">
      <Filter>Source\Graphics\Classes\Basic</Filter>
    </ClInclude>
    <ClInclude Include="Source\Graphics\Shape.h">
      <Filter>Source\Graphics\Classes\Basic</Filter>
    </ClInclude>
    <ClInclude Include="Source\Graphics\Model.h">
      <Filter>Source\Graphics\Classes\Basic</Filter>
    </ClInclude>
    <ClInclude Include="Source\Graphics\CommandListManager.h">
      <Filter>Source\Graphics\Classes\Manager</Filter>
    </ClInclude>
    <ClInclude Include="Source\Graphics\CommandQueueManager.h">
      <Filter>Source\Graphics\Classes\Manager</Filter>
    </ClInclude>
    <ClInclude Include="Source\Graphics\DescriptorHeapDesc.h">
      <Filter>Source\Graphics\Classes\Descriptor</Filter>
    </ClInclude>
    <ClInclude Include="Source\Graphics\SamplerDesc.h">
      <Filter>Source\Graphics\Classes\Descriptor</Filter>
    </ClInclude>
    <ClInclude Include="Source\Graphics\Fence.h">
      <Filter>Source\Graphics\Classes\GPU</Filter>
    </ClInclude>
    <ClInclude Include="Source\Graphics\SwapChain.h">
      <Filter>Source\Graphics\Classes\GPU</Filter>
    </ClInclude>
    <ClInclude Include="Source\Graphics\GraphicsCommon.h">
      <Filter>Source\Graphics\Public</Filter>
    </ClInclude>
    <ClInclude Include="Source\Graphics\Camera.h">
      <Filter>Source\Graphics\Classes</Filter>
    </ClInclude>
    <ClInclude Include="Source\Graphics\SplashScreen.h">
      <Filter>Source\Graphics\Classes</Filter>
    </ClInclude>
    <ClInclude Include="Source\Graphics\Display.h">
      <Filter>Source\Graphics\Classes</Filter>
    </ClInclude>
    <ClInclude Include="Source\Graphics\Scene.h">
      <Filter>Source\Graphics\Classes</Filter>
    </ClInclude>
  </ItemGroup>
  <ItemGroup>
    <FxCompile Include="Content\Shaders\BlitPixelShader.hlsl">
      <Filter>Resources\Shaders</Filter>
    </FxCompile>
    <FxCompile Include="Content\Shaders\BlurPixelShader.hlsl">
      <Filter>Resources\Shaders</Filter>
    </FxCompile>
    <FxCompile Include="Content\Shaders\DistortPixelShader.hlsl">
      <Filter>Resources\Shaders</Filter>
    </FxCompile>
    <FxCompile Include="Content\Shaders\EdgeDetectPixelShader.hlsl">
      <Filter>Resources\Shaders</Filter>
    </FxCompile>
    <FxCompile Include="Content\Shaders\GrayScalePixelShader.hlsl">
      <Filter>Resources\Shaders</Filter>
    </FxCompile>
    <FxCompile Include="Content\Shaders\InvertPixelShader.hlsl">
      <Filter>Resources\Shaders</Filter>
    </FxCompile>
    <FxCompile Include="Content\Shaders\PixelatePixelShader.hlsl">
      <Filter>Resources\Shaders</Filter>
    </FxCompile>
    <FxCompile Include="Content\Shaders\QuadVertexShader.hlsl">
      <Filter>Resources\Shaders</Filter>
    </FxCompile>
    <FxCompile Include="Content\Shaders\SimplePixelShader.hlsl">
      <Filter>Resources\Shaders</Filter>
    </FxCompile>
    <FxCompile Include="Content\Shaders\SimpleVertexShader.hlsl">
      <Filter>Resources\Shaders</Filter>
    </FxCompile>
    <FxCompile Include="Content\Shaders\UberPixelShader.hlsl">
      <Filter>Resources\Shaders</Filter>
    </FxCompile>
    <FxCompile Include="Content\Shaders\WarpPixelShader.hlsl">
      <Filter>Resources\Shaders</Filter>
    </FxCompile>
    <FxCompile Include="Content\Shaders\WavePixelShader.hlsl">
      <Filter>Resources\Shaders</Filter>
    </FxCompile>
    <FxCompile Include="Content\Shaders\AdditionalPixelShader.hlsl">
      <Filter>Resources\Shaders</Filter>
    </FxCompile>
  </ItemGroup>
</Project>