<?xml version="1.0" encoding="utf-8"?>
<Project ToolsVersion="4.0" xmlns="http://schemas.microsoft.com/developer/msbuild/2003">
  <ItemGroup>
    <Filter Include="Resources">
      <UniqueIdentifier>{67DA6AB6-F800-4c08-8B7A-83BB121AAD01}</UniqueIdentifier>
      <Extensions>rc;ico;cur;bmp;dlg;rc2;rct;bin;rgs;gif;jpg;jpeg;jpe;resx;tiff;tif;png;wav;mfcribbon-ms</Extensions>
    </Filter>
    <Filter Include="Source">
      <UniqueIdentifier>{1b8d8c3f-6dcf-4221-9d6d-c29f106d2279}</UniqueIdentifier>
    </Filter>
    <Filter Include="Source\pch">
      <UniqueIdentifier>{a5e66867-d006-4df8-80f7-64098ef450f2}</UniqueIdentifier>
    </Filter>
    <Filter Include="Source\Core">
      <UniqueIdentifier>{0e197846-38f0-434c-ac45-b1a1beca5591}</UniqueIdentifier>
    </Filter>
    <Filter Include="Source\Core\Classes">
      <UniqueIdentifier>{eb58db4b-f748-45a7-8167-ee6a7861b99f}</UniqueIdentifier>
    </Filter>
    <Filter Include="Source\Core\Private">
      <UniqueIdentifier>{929f487d-60e8-4b1b-81c9-5b4d89908cfe}</UniqueIdentifier>
    </Filter>
    <Filter Include="Source\Core\Public">
      <UniqueIdentifier>{060f12c4-674a-4b4f-95a4-81310d932804}</UniqueIdentifier>
    </Filter>
    <Filter Include="Source\Engine">
      <UniqueIdentifier>{1c818a13-13fe-46e3-b9d5-afc8f08f14a5}</UniqueIdentifier>
    </Filter>
    <Filter Include="Source\Engine\Public">
      <UniqueIdentifier>{723c9a3d-aa49-475f-bf5c-f496ce1f4889}</UniqueIdentifier>
    </Filter>
    <Filter Include="Source\Engine\Private">
      <UniqueIdentifier>{13e8d466-2525-4cd2-bd58-20d7a4138769}</UniqueIdentifier>
    </Filter>
    <Filter Include="Source\Engine\Classes">
      <UniqueIdentifier>{7c602d06-cace-4649-bfbc-42ac9e35d391}</UniqueIdentifier>
    </Filter>
    <Filter Include="Source\Common">
      <UniqueIdentifier>{f3cf8e6a-937d-4ee6-8c14-776477b837fd}</UniqueIdentifier>
    </Filter>
    <Filter Include="Source\Common\Classes">
      <UniqueIdentifier>{2ea718ec-60e8-4e27-b9a0-d1b971825dc2}</UniqueIdentifier>
    </Filter>
    <Filter Include="Source\Common\Public">
      <UniqueIdentifier>{bb432c67-9c65-4b9a-91ad-edffe0af6280}</UniqueIdentifier>
    </Filter>
    <Filter Include="Source\Common\Private">
      <UniqueIdentifier>{58ed9531-ffac-417a-9c55-c06b114faa2b}</UniqueIdentifier>
    </Filter>
    <Filter Include="Source\Platform">
      <UniqueIdentifier>{23f49ce8-4c5b-44f1-a695-89a81fba65a4}</UniqueIdentifier>
    </Filter>
    <Filter Include="Source\Platform\Win32">
      <UniqueIdentifier>{1a863a34-a25e-4213-b399-38587a355f37}</UniqueIdentifier>
    </Filter>
    <Filter Include="Source\Platform\Win32\Classes">
      <UniqueIdentifier>{53a04b1b-90e5-49ec-8f3d-a1ca96385e1a}</UniqueIdentifier>
    </Filter>
    <Filter Include="Source\Platform\Win32\Private">
      <UniqueIdentifier>{12f4413f-cc9e-4825-a4ca-09ae55b8dfa4}</UniqueIdentifier>
    </Filter>
    <Filter Include="Source\Platform\Win32\Public">
      <UniqueIdentifier>{2f13315d-5c86-47a6-b76b-a98a94ec625e}</UniqueIdentifier>
    </Filter>
    <Filter Include="Source\Core\Private\Math">
      <UniqueIdentifier>{fbd0e2e9-df3a-4a27-bf7f-bcdaf6ac3da5}</UniqueIdentifier>
    </Filter>
    <Filter Include="Source\Core\Public\Math">
      <UniqueIdentifier>{d2d9a438-f065-4b85-8c2c-85013568bfcd}</UniqueIdentifier>
    </Filter>
    <Filter Include="Source\Graphics">
      <UniqueIdentifier>{d655bad8-7079-4d6b-9e70-cfbd00504d84}</UniqueIdentifier>
    </Filter>
    <Filter Include="Source\Graphics\Classes">
      <UniqueIdentifier>{33aed58c-46bb-4a52-802b-1e98e2249caf}</UniqueIdentifier>
    </Filter>
    <Filter Include="Source\Graphics\Public">
      <UniqueIdentifier>{dd63adb2-260a-4fb4-a982-c47e099fac58}</UniqueIdentifier>
    </Filter>
    <Filter Include="Source\Graphics\Private">
      <UniqueIdentifier>{992335a4-dce5-4289-9812-564d93f2dd8a}</UniqueIdentifier>
    </Filter>
  </ItemGroup>
  <ItemGroup>
    <ClCompile Include="Source\Core\Core.cpp">
      <Filter>Source\Core\Private</Filter>
    </ClCompile>
    <ClCompile Include="Source\Core\CoreMinimal.cpp">
      <Filter>Source\Core\Private</Filter>
    </ClCompile>
    <ClCompile Include="Source\Core\CoreDefinitions.cpp">
      <Filter>Source\Core\Private</Filter>
    </ClCompile>
    <ClCompile Include="Source\Engine\Runtime.cpp">
      <Filter>Source\Engine\Private</Filter>
    </ClCompile>
    <ClCompile Include="Source\Common\Logger.cpp">
      <Filter>Source\Common\Private</Filter>
    </ClCompile>
    <ClCompile Include="Source\Common\Time.cpp">
      <Filter>Source\Common\Private</Filter>
    </ClCompile>
    <ClCompile Include="Source\Platform\WIN32\IApplication.cpp">
      <Filter>Source\Platform\Win32\Private</Filter>
    </ClCompile>
    <ClCompile Include="Source\Rxn.cpp">
      <Filter>Source\pch</Filter>
    </ClCompile>
    <ClCompile Include="Source\Engine\RxnEngine.cpp">
      <Filter>Source\Engine\Private</Filter>
    </ClCompile>
    <ClCompile Include="Source\Core\RxnBinaryHandler.cpp">
      <Filter>Source\Core\Private</Filter>
    </ClCompile>
    <ClCompile Include="Source\Common\CommandLine.cpp">
      <Filter>Source\Common\Private</Filter>
    </ClCompile>
    <ClCompile Include="Source\Engine\SplashScreen.cpp">
      <Filter>Source\Engine\Private</Filter>
    </ClCompile>
    <ClCompile Include="Source\Platform\WIN32\Window.cpp">
      <Filter>Source\Platform\Win32\Private</Filter>
    </ClCompile>
    <ClCompile Include="Source\Platform\WIN32\SubComponent.cpp">
      <Filter>Source\Platform\Win32\Private</Filter>
    </ClCompile>
    <ClCompile Include="Source\Engine\EngineSettings.cpp">
      <Filter>Source\Engine\Private</Filter>
    </ClCompile>
    <ClCompile Include="Source\Engine\EngineContext.cpp">
      <Filter>Source\Engine\Private</Filter>
    </ClCompile>
    <ClCompile Include="Source\Platform\WIN32\Caption.cpp">
      <Filter>Source\Platform\Win32\Private</Filter>
    </ClCompile>
    <ClCompile Include="Source\Core\Math\Math.cpp">
      <Filter>Source\Core\Private\Math</Filter>
    </ClCompile>
    <ClCompile Include="Source\Platform\WIN32\WindowManager.cpp">
      <Filter>Source\Platform\Win32\Private</Filter>
    </ClCompile>
    <ClCompile Include="Source\Graphics\ComPointer.cpp">
      <Filter>Source\Graphics\Private</Filter>
    </ClCompile>
    <ClCompile Include="Source\Graphics\RenderCore.cpp">
      <Filter>Source\Graphics\Private</Filter>
    </ClCompile>
    <ClCompile Include="Source\Graphics\SimulationWindow.cpp">
      <Filter>Source\Graphics\Private</Filter>
    </ClCompile>
  </ItemGroup>
  <ItemGroup>
    <ClInclude Include="Source\Core\Core.h">
      <Filter>Source\Core\Public</Filter>
    </ClInclude>
    <ClInclude Include="Source\Core\CoreMinimal.h">
      <Filter>Source\Core\Public</Filter>
    </ClInclude>
    <ClInclude Include="Source\Core\CoreDefinitions.h">
      <Filter>Source\Core\Public</Filter>
    </ClInclude>
    <ClInclude Include="Source\Engine\Runtime.h">
      <Filter>Source\Engine\Classes</Filter>
    </ClInclude>
    <ClInclude Include="Source\Common\Time.h">
      <Filter>Source\Common\Public</Filter>
    </ClInclude>
    <ClInclude Include="Source\Platform\WIN32\WinEntry.h">
      <Filter>Source\Platform\Win32\Public</Filter>
    </ClInclude>
    <ClInclude Include="Source\Platform\WIN32\IApplication.h">
      <Filter>Source\Platform\Win32\Classes</Filter>
    </ClInclude>
    <ClInclude Include="Source\Rxn.h">
      <Filter>Source\pch</Filter>
    </ClInclude>
    <ClInclude Include="Source\Engine\RxnEngine.h">
      <Filter>Source\Engine\Classes</Filter>
    </ClInclude>
    <ClInclude Include="Source\Common\Logger.h">
      <Filter>Source\Common\Classes</Filter>
    </ClInclude>
    <ClInclude Include="Source\Core\RxnBinaryHandler.h">
      <Filter>Source\Core\Classes</Filter>
    </ClInclude>
    <ClInclude Include="Source\Common\CommandLine.h">
      <Filter>Source\Common\Public</Filter>
    </ClInclude>
    <ClInclude Include="Source\Platform\WIN32\Window.h">
      <Filter>Source\Platform\Win32\Classes</Filter>
    </ClInclude>
    <ClInclude Include="Source\Platform\WIN32\SubComponent.h">
      <Filter>Source\Platform\Win32\Classes</Filter>
    </ClInclude>
    <ClInclude Include="Source\Engine\EngineSettings.h">
      <Filter>Source\Engine\Classes</Filter>
    </ClInclude>
    <ClInclude Include="Source\Common\LoggerImpl.h">
      <Filter>Source\Common\Classes</Filter>
    </ClInclude>
    <ClInclude Include="Source\Engine\EngineContext.h">
      <Filter>Source\Engine\Classes</Filter>
    </ClInclude>
    <ClInclude Include="Source\Platform\WIN32\Caption.h">
      <Filter>Source\Platform\Win32\Classes</Filter>
    </ClInclude>
    <ClInclude Include="Source\Core\Math\Math.h">
      <Filter>Source\Core\Public\Math</Filter>
    </ClInclude>
    <ClInclude Include="Source\Platform\WIN32\WindowManager.h">
      <Filter>Source\Platform\Win32\Classes</Filter>
    </ClInclude>
    <ClInclude Include="Source\Engine\SplashScreen.h">
      <Filter>Source\Engine\Classes</Filter>
    </ClInclude>
    <ClInclude Include="Source\Graphics\ComPointer.h">
      <Filter>Source\Graphics\Public</Filter>
    </ClInclude>
    <ClInclude Include="Source\Graphics\d3dx12.h">
      <Filter>Source\Graphics\Public</Filter>
    </ClInclude>
    <ClInclude Include="Source\Graphics\RenderCore.h">
      <Filter>Source\Graphics\Public</Filter>
    </ClInclude>
    <ClInclude Include="Source\Graphics\SimulationWindow.h">
      <Filter>Source\Graphics\Classes</Filter>
    </ClInclude>
  </ItemGroup>
</Project>